
Microsoft Visual Studio Solution File, Format Version 12.00
# Visual Studio Version 17
VisualStudioVersion = 17.1.32421.90
MinimumVisualStudioVersion = 10.0.40219.1
Project("{FAE04EC0-301F-11D3-BF4B-00C04F79EFBC}") = "IgnoredAssertions", "IgnoredAssertions\IgnoredAssertions.csproj", "{4DF74D6F-B6D5-48BF-9E82-8E4D7949AB23}"
EndProject
Global
	GlobalSection(SolutionConfigurationPlatforms) = preSolution
		Debug|Any CPU = Debug|Any CPU
		Release|Any CPU = Release|Any CPU
	EndGlobalSection
	GlobalSection(ProjectConfigurationPlatforms) = postSolution
		{4DF74D6F-B6D5-48BF-9E82-8E4D7949AB23}.Debug|Any CPU.ActiveCfg = Debug|Any CPU
		{4DF74D6F-B6D5-48BF-9E82-8E4D7949AB23}.Debug|Any CPU.Build.0 = Debug|Any CPU
		{4DF74D6F-B6D5-48BF-9E82-8E4D7949AB23}.Release|Any CPU.ActiveCfg = Release|Any CPU
		{4DF74D6F-B6D5-48BF-9E82-8E4D7949AB23}.Release|Any CPU.Build.0 = Release|Any CPU
	EndGlobalSection
	GlobalSection(SolutionProperties) = preSolution
		HideSolutionNode = FALSE
	EndGlobalSection
	GlobalSection(ExtensibilityGlobals) = postSolution
		SolutionGuid = {4CC20DBB-1F45-455B-B657-9A108D979B56}
	EndGlobalSection
EndGlobal
